
Microsoft Visual Studio Solution File, Format Version 12.00
# Visual Studio Version 17
VisualStudioVersion = 17.11.35303.130
MinimumVisualStudioVersion = 10.0.40219.1
Project("{2150E333-8FDC-42A3-9474-1A3956D46DE8}") = "Task0", "Task0", "{4B3DD4A5-E33D-4D83-B11E-D8A5C732A7D3}"
EndProject
Project("{9A19103F-16F7-4668-BE54-9A1E7A4F7556}") = "Tyuiu.CherkashinMM.Sprint1.Task0.V24", "Tyuiu.CherkashinMM.Sprint1.Task0.V24\Tyuiu.CherkashinMM.Sprint1.Task0.V24.csproj", "{4040BAF7-E021-4EC1-9156-1BD4C62950CF}"
EndProject
Project("{9A19103F-16F7-4668-BE54-9A1E7A4F7556}") = "Tyuiu.CherkashinMM.Sprint1.Task0.V24.Lib", "Tyuiu.CherkashinMM.Sprint1.Task0.V24.Lib\Tyuiu.CherkashinMM.Sprint1.Task0.V24.Lib.csproj", "{79A75310-8608-4A8D-8FFE-D10B0C51DAAD}"
EndProject
Project("{9A19103F-16F7-4668-BE54-9A1E7A4F7556}") = "Tyuiu.CherkashinMM.Sprint1.Task0.V24.Test", "Tyuiu.CherkashinMM.Sprint1.Task0.V24.Test\Tyuiu.CherkashinMM.Sprint1.Task0.V24.Test.csproj", "{324C429E-6263-41CD-9864-A61C8CE2ED86}"
EndProject
Project("{2150E333-8FDC-42A3-9474-1A3956D46DE8}") = "Task1", "Task1", "{09FE28BD-E811-4163-8AD2-442309706D23}"
EndProject
Project("{9A19103F-16F7-4668-BE54-9A1E7A4F7556}") = "Tyuiu.CherkashinMM.Sprint1.Task1.V4", "Tyuiu.CherkashinMM.Sprint1.Task1.V4\Tyuiu.CherkashinMM.Sprint1.Task1.V4.csproj", "{1B716519-295D-4A84-9D0E-BD86560285A2}"
EndProject
Project("{9A19103F-16F7-4668-BE54-9A1E7A4F7556}") = "Tyuiu.CherkashinMM.Sprint1.Task1.V4.Lib", "Tyuiu.CherkashinMM.Sprint1.Task1.V4.Lib\Tyuiu.CherkashinMM.Sprint1.Task1.V4.Lib.csproj", "{02154D26-76CF-4E69-8B77-226527A5A92E}"
EndProject
Project("{9A19103F-16F7-4668-BE54-9A1E7A4F7556}") = "Tyuiu.CherkashinMM.Sprint1.Task1.V4.Test", "Tyuiu.CherkashinMM.Sprint1.Task1.V4.Test\Tyuiu.CherkashinMM.Sprint1.Task1.V4.Test.csproj", "{626169DD-6303-4AAE-9767-77596BB7E7D1}"
EndProject
Project("{2150E333-8FDC-42A3-9474-1A3956D46DE8}") = "Task2", "Task2", "{60545D60-4F93-46A7-89FA-189D3F179261}"
EndProject
Project("{9A19103F-16F7-4668-BE54-9A1E7A4F7556}") = "Tyuiu.CherkashinMM.Sprint1.Task2.V24", "Tyuiu.CherkashinMM.Sprint1.Task2.V24\Tyuiu.CherkashinMM.Sprint1.Task2.V24.csproj", "{44026621-29EE-468B-BC74-D03C6887DEB2}"
EndProject
Project("{9A19103F-16F7-4668-BE54-9A1E7A4F7556}") = "Tyuiu.CherkashinMM.Sprint1.Task2.V24.Test", "Tyuiu.CherkashinMM.Sprint1.Task2.V24.Test\Tyuiu.CherkashinMM.Sprint1.Task2.V24.Test.csproj", "{BB18A097-A4FC-4AA1-BD57-DC7FDE027267}"
EndProject
Project("{9A19103F-16F7-4668-BE54-9A1E7A4F7556}") = "Tyuiu.CherkashinMM.Sprint1.Task2.V24.Lib", "Tyuiu.CherkashinMM.Sprint1.Task2.V24.Lib\Tyuiu.CherkashinMM.Sprint1.Task2.V24.Lib.csproj", "{D25D6655-260B-4CA8-89F0-33DC45D424BB}"
EndProject
Project("{2150E333-8FDC-42A3-9474-1A3956D46DE8}") = "Task3", "Task3", "{A870D52E-F5D9-425B-AFCF-03B89748BF4A}"
EndProject
Project("{FAE04EC0-301F-11D3-BF4B-00C04F79EFBC}") = "Tyuiu.CherkashinMM.Sprint1.Task3.V4", "Tyuiu.CherkashinMM.Sprint1.Task3.V4\Tyuiu.CherkashinMM.Sprint1.Task3.V4.csproj", "{8100950F-8FD6-482D-A5C0-063A0A564963}"
EndProject
Project("{FAE04EC0-301F-11D3-BF4B-00C04F79EFBC}") = "Tyuiu.CherkashinMM.Sprint1.Task3.V4.Lib", "Tyuiu.CherkashinMM.Sprint1.Task3.V4.Lib\Tyuiu.CherkashinMM.Sprint1.Task3.V4.Lib.csproj", "{B8767432-B16B-452C-BEF9-8B7135CC81CC}"
EndProject
Project("{FAE04EC0-301F-11D3-BF4B-00C04F79EFBC}") = "Tyuiu.CherkashinMM.Sprint1.Task3.V4.Test", "Tyuiu.CherkashinMM.Sprint1.Task3.V4.Test\Tyuiu.CherkashinMM.Sprint1.Task3.V4.Test.csproj", "{74FE47E1-A4FD-4269-A75B-36368246824D}"
EndProject
Global
	GlobalSection(SolutionConfigurationPlatforms) = preSolution
		Debug|Any CPU = Debug|Any CPU
		Release|Any CPU = Release|Any CPU
	EndGlobalSection
	GlobalSection(ProjectConfigurationPlatforms) = postSolution
		{4040BAF7-E021-4EC1-9156-1BD4C62950CF}.Debug|Any CPU.ActiveCfg = Debug|Any CPU
		{4040BAF7-E021-4EC1-9156-1BD4C62950CF}.Debug|Any CPU.Build.0 = Debug|Any CPU
		{4040BAF7-E021-4EC1-9156-1BD4C62950CF}.Release|Any CPU.ActiveCfg = Release|Any CPU
		{4040BAF7-E021-4EC1-9156-1BD4C62950CF}.Release|Any CPU.Build.0 = Release|Any CPU
		{79A75310-8608-4A8D-8FFE-D10B0C51DAAD}.Debug|Any CPU.ActiveCfg = Debug|Any CPU
		{79A75310-8608-4A8D-8FFE-D10B0C51DAAD}.Debug|Any CPU.Build.0 = Debug|Any CPU
		{79A75310-8608-4A8D-8FFE-D10B0C51DAAD}.Release|Any CPU.ActiveCfg = Release|Any CPU
		{79A75310-8608-4A8D-8FFE-D10B0C51DAAD}.Release|Any CPU.Build.0 = Release|Any CPU
		{324C429E-6263-41CD-9864-A61C8CE2ED86}.Debug|Any CPU.ActiveCfg = Debug|Any CPU
		{324C429E-6263-41CD-9864-A61C8CE2ED86}.Debug|Any CPU.Build.0 = Debug|Any CPU
		{324C429E-6263-41CD-9864-A61C8CE2ED86}.Release|Any CPU.ActiveCfg = Release|Any CPU
		{324C429E-6263-41CD-9864-A61C8CE2ED86}.Release|Any CPU.Build.0 = Release|Any CPU
		{1B716519-295D-4A84-9D0E-BD86560285A2}.Debug|Any CPU.ActiveCfg = Debug|Any CPU
		{1B716519-295D-4A84-9D0E-BD86560285A2}.Debug|Any CPU.Build.0 = Debug|Any CPU
		{1B716519-295D-4A84-9D0E-BD86560285A2}.Release|Any CPU.ActiveCfg = Release|Any CPU
		{1B716519-295D-4A84-9D0E-BD86560285A2}.Release|Any CPU.Build.0 = Release|Any CPU
		{02154D26-76CF-4E69-8B77-226527A5A92E}.Debug|Any CPU.ActiveCfg = Debug|Any CPU
		{02154D26-76CF-4E69-8B77-226527A5A92E}.Debug|Any CPU.Build.0 = Debug|Any CPU
		{02154D26-76CF-4E69-8B77-226527A5A92E}.Release|Any CPU.ActiveCfg = Release|Any CPU
		{02154D26-76CF-4E69-8B77-226527A5A92E}.Release|Any CPU.Build.0 = Release|Any CPU
		{626169DD-6303-4AAE-9767-77596BB7E7D1}.Debug|Any CPU.ActiveCfg = Debug|Any CPU
		{626169DD-6303-4AAE-9767-77596BB7E7D1}.Debug|Any CPU.Build.0 = Debug|Any CPU
		{626169DD-6303-4AAE-9767-77596BB7E7D1}.Release|Any CPU.ActiveCfg = Release|Any CPU
		{626169DD-6303-4AAE-9767-77596BB7E7D1}.Release|Any CPU.Build.0 = Release|Any CPU
		{44026621-29EE-468B-BC74-D03C6887DEB2}.Debug|Any CPU.ActiveCfg = Debug|Any CPU
		{44026621-29EE-468B-BC74-D03C6887DEB2}.Debug|Any CPU.Build.0 = Debug|Any CPU
		{44026621-29EE-468B-BC74-D03C6887DEB2}.Release|Any CPU.ActiveCfg = Release|Any CPU
		{44026621-29EE-468B-BC74-D03C6887DEB2}.Release|Any CPU.Build.0 = Release|Any CPU
		{BB18A097-A4FC-4AA1-BD57-DC7FDE027267}.Debug|Any CPU.ActiveCfg = Debug|Any CPU
		{BB18A097-A4FC-4AA1-BD57-DC7FDE027267}.Debug|Any CPU.Build.0 = Debug|Any CPU
		{BB18A097-A4FC-4AA1-BD57-DC7FDE027267}.Release|Any CPU.ActiveCfg = Release|Any CPU
		{BB18A097-A4FC-4AA1-BD57-DC7FDE027267}.Release|Any CPU.Build.0 = Release|Any CPU
		{D25D6655-260B-4CA8-89F0-33DC45D424BB}.Debug|Any CPU.ActiveCfg = Debug|Any CPU
		{D25D6655-260B-4CA8-89F0-33DC45D424BB}.Debug|Any CPU.Build.0 = Debug|Any CPU
		{D25D6655-260B-4CA8-89F0-33DC45D424BB}.Release|Any CPU.ActiveCfg = Release|Any CPU
		{D25D6655-260B-4CA8-89F0-33DC45D424BB}.Release|Any CPU.Build.0 = Release|Any CPU
		{8100950F-8FD6-482D-A5C0-063A0A564963}.Debug|Any CPU.ActiveCfg = Debug|Any CPU
		{8100950F-8FD6-482D-A5C0-063A0A564963}.Debug|Any CPU.Build.0 = Debug|Any CPU
		{8100950F-8FD6-482D-A5C0-063A0A564963}.Release|Any CPU.ActiveCfg = Release|Any CPU
		{8100950F-8FD6-482D-A5C0-063A0A564963}.Release|Any CPU.Build.0 = Release|Any CPU
		{B8767432-B16B-452C-BEF9-8B7135CC81CC}.Debug|Any CPU.ActiveCfg = Debug|Any CPU
		{B8767432-B16B-452C-BEF9-8B7135CC81CC}.Debug|Any CPU.Build.0 = Debug|Any CPU
		{B8767432-B16B-452C-BEF9-8B7135CC81CC}.Release|Any CPU.ActiveCfg = Release|Any CPU
		{B8767432-B16B-452C-BEF9-8B7135CC81CC}.Release|Any CPU.Build.0 = Release|Any CPU
		{74FE47E1-A4FD-4269-A75B-36368246824D}.Debug|Any CPU.ActiveCfg = Debug|Any CPU
		{74FE47E1-A4FD-4269-A75B-36368246824D}.Debug|Any CPU.Build.0 = Debug|Any CPU
		{74FE47E1-A4FD-4269-A75B-36368246824D}.Release|Any CPU.ActiveCfg = Release|Any CPU
		{74FE47E1-A4FD-4269-A75B-36368246824D}.Release|Any CPU.Build.0 = Release|Any CPU
	EndGlobalSection
	GlobalSection(SolutionProperties) = preSolution
		HideSolutionNode = FALSE
	EndGlobalSection
	GlobalSection(NestedProjects) = preSolution
		{4040BAF7-E021-4EC1-9156-1BD4C62950CF} = {4B3DD4A5-E33D-4D83-B11E-D8A5C732A7D3}
		{79A75310-8608-4A8D-8FFE-D10B0C51DAAD} = {4B3DD4A5-E33D-4D83-B11E-D8A5C732A7D3}
		{324C429E-6263-41CD-9864-A61C8CE2ED86} = {4B3DD4A5-E33D-4D83-B11E-D8A5C732A7D3}
		{1B716519-295D-4A84-9D0E-BD86560285A2} = {09FE28BD-E811-4163-8AD2-442309706D23}
		{02154D26-76CF-4E69-8B77-226527A5A92E} = {09FE28BD-E811-4163-8AD2-442309706D23}
		{626169DD-6303-4AAE-9767-77596BB7E7D1} = {09FE28BD-E811-4163-8AD2-442309706D23}
		{44026621-29EE-468B-BC74-D03C6887DEB2} = {60545D60-4F93-46A7-89FA-189D3F179261}
		{BB18A097-A4FC-4AA1-BD57-DC7FDE027267} = {60545D60-4F93-46A7-89FA-189D3F179261}
		{D25D6655-260B-4CA8-89F0-33DC45D424BB} = {60545D60-4F93-46A7-89FA-189D3F179261}
		{8100950F-8FD6-482D-A5C0-063A0A564963} = {A870D52E-F5D9-425B-AFCF-03B89748BF4A}
		{B8767432-B16B-452C-BEF9-8B7135CC81CC} = {A870D52E-F5D9-425B-AFCF-03B89748BF4A}
		{74FE47E1-A4FD-4269-A75B-36368246824D} = {A870D52E-F5D9-425B-AFCF-03B89748BF4A}
	EndGlobalSection
	GlobalSection(ExtensibilityGlobals) = postSolution
		SolutionGuid = {BF2C186A-07B5-4CD0-BE69-251F53B62635}
	EndGlobalSection
EndGlobal
